<?xml version="1.0" encoding="utf-8"?>
<Project ToolsVersion="4.0" xmlns="http://schemas.microsoft.com/developer/msbuild/2003">
  <ItemGroup>
    <Filter Include="Source Files">
      <UniqueIdentifier>{4FC737F1-C7A5-4376-A066-2A32D752A2FF}</UniqueIdentifier>
      <Extensions>cpp;c;cc;cxx;def;odl;idl;hpj;bat;asm;asmx</Extensions>
    </Filter>
    <Filter Include="Header Files">
      <UniqueIdentifier>{93995380-89BD-4b04-88EB-625FBE52EBFB}</UniqueIdentifier>
      <Extensions>h;hh;hpp;hxx;hm;inl;inc;xsd</Extensions>
    </Filter>
    <Filter Include="Resource Files">
      <UniqueIdentifier>{67DA6AB6-F800-4c08-8B7A-83BB121AAD01}</UniqueIdentifier>
      <Extensions>rc;ico;cur;bmp;dlg;rc2;rct;bin;rgs;gif;jpg;jpeg;jpe;resx;tiff;tif;png;wav</Extensions>
    </Filter>
  </ItemGroup>
  <ItemGroup>
    <ClCompile Include="Source\Gui\Window.cpp">
      <Filter>Source Files</Filter>
    </ClCompile>
    <ClCompile Include="Source\Gui\WinCompsContr.cpp">
      <Filter>Source Files</Filter>
    </ClCompile>
    <ClCompile Include="Source\Input\EventContr.cpp">
      <Filter>Source Files</Filter>
    </ClCompile>
    <ClCompile Include="Source\Main\main.cpp">
      <Filter>Source Files</Filter>
    </ClCompile>
    <ClCompile Include="Source\Main\Chat.cpp">
      <Filter>Source Files</Filter>
    </ClCompile>
    <ClCompile Include="Source\Network\Client.cpp">
      <Filter>Source Files</Filter>
    </ClCompile>
    <ClCompile Include="Source\ResourceController\MessageHelper.cpp">
      <Filter>Source Files</Filter>
    </ClCompile>
    <ClCompile Include="Source\ResourceController\UserDataHelper.cpp">
      <Filter>Source Files</Filter>
    </ClCompile>
    <ClCompile Include="Source\ResourceController\DataCollector.cpp">
      <Filter>Source Files</Filter>
    </ClCompile>
    <ClCompile Include="Source\Texture\TextTextureHelper.cpp">
      <Filter>Source Files</Filter>
    </ClCompile>
    <ClCompile Include="Source\Util\Data.cpp">
      <Filter>Source Files</Filter>
    </ClCompile>
    <ClCompile Include="Source\Util\Timer.cpp">
      <Filter>Source Files</Filter>
    </ClCompile>
    <ClCompile Include="Source\Util\Config.cpp">
      <Filter>Source Files</Filter>
    </ClCompile>
    <ClCompile Include="Source\ResourceController\DataAuthorizator.cpp">
      <Filter>Source Files</Filter>
    </ClCompile>
  </ItemGroup>
  <ItemGroup>
    <ClInclude Include="Source\Gui\Window.h">
      <Filter>Source Files</Filter>
    </ClInclude>
    <ClInclude Include="Source\Gui\WinCompsContr.h">
      <Filter>Source Files</Filter>
    </ClInclude>
    <ClInclude Include="Source\Gui\WinCompsData.h">
      <Filter>Source Files</Filter>
    </ClInclude>
    <ClInclude Include="Source\Input\EventContr.h">
      <Filter>Source Files</Filter>
    </ClInclude>
    <ClInclude Include="Source\Main\Chat.h">
      <Filter>Source Files</Filter>
    </ClInclude>
    <ClInclude Include="Source\Network\Client.h">
      <Filter>Source Files</Filter>
    </ClInclude>
    <ClInclude Include="Source\ResourceController\MessageHelper.h">
      <Filter>Source Files</Filter>
    </ClInclude>
    <ClInclude Include="Source\ResourceController\UserDataHelper.h">
      <Filter>Source Files</Filter>
    </ClInclude>
    <ClInclude Include="Source\ResourceController\DataCollector.h">
      <Filter>Source Files</Filter>
    </ClInclude>
    <ClInclude Include="Source\Texture\TextTextureHelper.h">
      <Filter>Source Files</Filter>
    </ClInclude>
    <ClInclude Include="Source\Util\Config.h">
      <Filter>Source Files</Filter>
    </ClInclude>
    <ClInclude Include="Source\Util\Data.h">
      <Filter>Source Files</Filter>
    </ClInclude>
    <ClInclude Include="Source\Util\Timer.h">
      <Filter>Source Files</Filter>
    </ClInclude>
    <ClInclude Include="Source\ResourceController\DataAuthorizator.h">
      <Filter>Source Files</Filter>
    </ClInclude>
  </ItemGroup>
</Project>